<?xml version="1.0" encoding="UTF-8"?>
<!DOCTYPE plist PUBLIC "-//Apple//DTD PLIST 1.0//EN" "http://www.apple.com/DTDs/PropertyList-1.0.dtd">
<plist version="1.0">
<dict>
	<key>archiveVersion</key>
	<string>1</string>
	<key>classes</key>
	<dict/>
	<key>objectVersion</key>
	<string>46</string>
	<key>objects</key>
	<dict>
		<key>0F6B65EE1BBE6BCF005C5AD0</key>
		<dict>
			<key>children</key>
			<array>
				<string>0F6B66011BBE6BCF005C5AD0</string>
				<string>0F6B65FA1BBE6BCF005C5AD0</string>
				<string>0F6B65F91BBE6BCF005C5AD0</string>
			</array>
			<key>isa</key>
			<string>PBXGroup</string>
			<key>sourceTree</key>
			<string>&lt;group&gt;</string>
		</dict>
		<key>0F6B65EF1BBE6BCF005C5AD0</key>
		<dict>
			<key>attributes</key>
			<dict>
				<key>LastUpgradeCheck</key>
				<string>0700</string>
				<key>TargetAttributes</key>
				<dict>
					<key>0F6B65F71BBE6BCF005C5AD0</key>
					<dict>
						<key>CreatedOnToolsVersion</key>
						<string>7.0</string>
					</dict>
				</dict>
			</dict>
			<key>buildConfigurationList</key>
			<string>0F6B65F21BBE6BCF005C5AD0</string>
			<key>compatibilityVersion</key>
			<string>Xcode 3.2</string>
			<key>developmentRegion</key>
			<string>English</string>
			<key>hasScannedForEncodings</key>
			<string>0</string>
			<key>isa</key>
			<string>PBXProject</string>
			<key>knownRegions</key>
			<array>
				<string>en</string>
			</array>
			<key>mainGroup</key>
			<string>0F6B65EE1BBE6BCF005C5AD0</string>
			<key>productRefGroup</key>
			<string>0F6B65F91BBE6BCF005C5AD0</string>
			<key>projectDirPath</key>
			<string></string>
			<key>projectRoot</key>
			<string></string>
			<key>targets</key>
			<array>
				<string>0F6B65F71BBE6BCF005C5AD0</string>
			</array>
		</dict>
		<key>0F6B65F21BBE6BCF005C5AD0</key>
		<dict>
			<key>buildConfigurations</key>
			<array>
				<string>0F6B661C1BBE6BCF005C5AD0</string>
				<string>0F6B661D1BBE6BCF005C5AD0</string>
			</array>
			<key>defaultConfigurationIsVisible</key>
			<string>0</string>
			<key>defaultConfigurationName</key>
			<string>Release</string>
			<key>isa</key>
			<string>XCConfigurationList</string>
		</dict>
		<key>0F6B65F31BBE6BCF005C5AD0</key>
		<dict>
			<key>buildActionMask</key>
			<string>2147483647</string>
			<key>files</key>
			<array>
				<string>0F6B664C1BBE6CF1005C5AD0</string>
				<string>0F6B664E1BBE6CF1005C5AD0</string>
				<string>0F6B66471BBE6CF1005C5AD0</string>
				<string>0F6B664F1BBE6CF1005C5AD0</string>
				<string>0F6B66451BBE6CF1005C5AD0</string>
				<string>0F6B664D1BBE6CF1005C5AD0</string>
				<string>0F6B66501BBE6CF1005C5AD0</string>
				<string>0F6B664B1BBE6CF1005C5AD0</string>
				<string>0F6B664A1BBE6CF1005C5AD0</string>
				<string>0F6B66441BBE6CF1005C5AD0</string>
				<string>0F6B66481BBE6CF1005C5AD0</string>
				<string>0F6B66491BBE6CF1005C5AD0</string>
				<string>0F6B66461BBE6CF1005C5AD0</string>
			</array>
			<key>isa</key>
			<string>PBXSourcesBuildPhase</string>
			<key>runOnlyForDeploymentPostprocessing</key>
			<string>0</string>
		</dict>
		<key>0F6B65F41BBE6BCF005C5AD0</key>
		<dict>
			<key>buildActionMask</key>
			<string>2147483647</string>
			<key>files</key>
			<array>
				<string>0F6B66EE1BBE7D89005C5AD0</string>
				<string>0F6B66571BBE6D75005C5AD0</string>
				<string>0F6B66551BBE6D6E005C5AD0</string>
				<string>0F6B66531BBE6D66005C5AD0</string>
				<string>0F6B66971BBE775D005C5AD0</string>
				<string>0F6B65FC1BBE6BCF005C5AD0</string>
				<string>0F6B65FE1BBE6BCF005C5AD0</string>
			</array>
			<key>isa</key>
			<string>PBXFrameworksBuildPhase</string>
			<key>runOnlyForDeploymentPostprocessing</key>
			<string>0</string>
		</dict>
		<key>0F6B65F51BBE6BCF005C5AD0</key>
		<dict>
			<key>buildActionMask</key>
			<string>2147483647</string>
			<key>files</key>
			<array>
				<string>0F6B66511BBE6CF1005C5AD0</string>
				<string>0F6B66321BBE6CE7005C5AD0</string>
				<string>0F6B66341BBE6CE7005C5AD0</string>
				<string>0F6B66331BBE6CE7005C5AD0</string>
				<string>0F6B66351BBE6CE7005C5AD0</string>
			</array>
			<key>isa</key>
			<string>PBXHeadersBuildPhase</string>
			<key>runOnlyForDeploymentPostprocessing</key>
			<string>0</string>
		</dict>
		<key>0F6B65F71BBE6BCF005C5AD0</key>
		<dict>
			<key>buildConfigurationList</key>
			<string>0F6B661E1BBE6BCF005C5AD0</string>
			<key>buildPhases</key>
			<array>
				<string>0F6B65F31BBE6BCF005C5AD0</string>
				<string>0F6B65F41BBE6BCF005C5AD0</string>
				<string>0F6B65F51BBE6BCF005C5AD0</string>
				<string>0F6B66B91BBE7C5A005C5AD0</string>
			</array>
			<key>buildRules</key>
			<array/>
			<key>dependencies</key>
			<array/>
			<key>isa</key>
			<string>PBXNativeTarget</string>
			<key>name</key>
			<string>MixToolBoxUI</string>
			<key>productName</key>
			<string>MixToolBoxUI</string>
			<key>productReference</key>
			<string>0F6B65F81BBE6BCF005C5AD0</string>
			<key>productType</key>
			<string>com.apple.product-type.bundle</string>
		</dict>
		<key>0F6B65F81BBE6BCF005C5AD0</key>
		<dict>
			<key>explicitFileType</key>
			<string>wrapper.cfbundle</string>
			<key>includeInIndex</key>
			<string>0</string>
			<key>isa</key>
			<string>PBXFileReference</string>
			<key>path</key>
			<string>MixToolBoxUI.bundle</string>
			<key>sourceTree</key>
			<string>BUILT_PRODUCTS_DIR</string>
		</dict>
		<key>0F6B65F91BBE6BCF005C5AD0</key>
		<dict>
			<key>children</key>
			<array>
				<string>0F6B65F81BBE6BCF005C5AD0</string>
			</array>
			<key>isa</key>
			<string>PBXGroup</string>
			<key>name</key>
			<string>Products</string>
			<key>sourceTree</key>
			<string>&lt;group&gt;</string>
		</dict>
		<key>0F6B65FA1BBE6BCF005C5AD0</key>
		<dict>
			<key>children</key>
			<array>
				<string>0F6B66ED1BBE7D89005C5AD0</string>
				<string>0F6B66961BBE775D005C5AD0</string>
				<string>0F6B66561BBE6D75005C5AD0</string>
				<string>0F6B66541BBE6D6E005C5AD0</string>
				<string>0F6B66521BBE6D66005C5AD0</string>
				<string>0F6B65FB1BBE6BCF005C5AD0</string>
				<string>0F6B65FD1BBE6BCF005C5AD0</string>
			</array>
			<key>isa</key>
			<string>PBXGroup</string>
			<key>name</key>
			<string>Frameworks</string>
			<key>sourceTree</key>
			<string>&lt;group&gt;</string>
		</dict>
		<key>0F6B65FB1BBE6BCF005C5AD0</key>
		<dict>
			<key>isa</key>
			<string>PBXFileReference</string>
			<key>lastKnownFileType</key>
			<string>wrapper.framework</string>
			<key>name</key>
			<string>Foundation.framework</string>
			<key>path</key>
			<string>System/Library/Frameworks/Foundation.framework</string>
			<key>sourceTree</key>
			<string>SDKROOT</string>
		</dict>
		<key>0F6B65FC1BBE6BCF005C5AD0</key>
		<dict>
			<key>fileRef</key>
			<string>0F6B65FB1BBE6BCF005C5AD0</string>
			<key>isa</key>
			<string>PBXBuildFile</string>
		</dict>
		<key>0F6B65FD1BBE6BCF005C5AD0</key>
		<dict>
			<key>isa</key>
			<string>PBXFileReference</string>
			<key>lastKnownFileType</key>
			<string>wrapper.framework</string>
			<key>name</key>
			<string>UIKit.framework</string>
			<key>path</key>
			<string>System/Library/Frameworks/UIKit.framework</string>
			<key>sourceTree</key>
			<string>SDKROOT</string>
		</dict>
		<key>0F6B65FE1BBE6BCF005C5AD0</key>
		<dict>
			<key>fileRef</key>
			<string>0F6B65FD1BBE6BCF005C5AD0</string>
			<key>isa</key>
			<string>PBXBuildFile</string>
		</dict>
		<key>0F6B66011BBE6BCF005C5AD0</key>
		<dict>
			<key>children</key>
			<array>
				<string>0F6B662D1BBE6CE7005C5AD0</string>
				<string>0F6B66361BBE6CF1005C5AD0</string>
				<string>0F6B66371BBE6CF1005C5AD0</string>
				<string>0F6B66381BBE6CF1005C5AD0</string>
				<string>0F6B66391BBE6CF1005C5AD0</string>
				<string>0F6B663A1BBE6CF1005C5AD0</string>
				<string>0F6B663B1BBE6CF1005C5AD0</string>
				<string>0F6B663C1BBE6CF1005C5AD0</string>
				<string>0F6B663D1BBE6CF1005C5AD0</string>
				<string>0F6B663E1BBE6CF1005C5AD0</string>
				<string>0F6B663F1BBE6CF1005C5AD0</string>
				<string>0F6B66401BBE6CF1005C5AD0</string>
				<string>0F6B66411BBE6CF1005C5AD0</string>
				<string>0F6B66421BBE6CF1005C5AD0</string>
				<string>0F6B66431BBE6CF1005C5AD0</string>
				<string>0F6B66021BBE6BCF005C5AD0</string>
				<string>0F6B66061BBE6BCF005C5AD0</string>
			</array>
			<key>isa</key>
			<string>PBXGroup</string>
			<key>path</key>
			<string>MixToolBoxUI</string>
			<key>sourceTree</key>
			<string>&lt;group&gt;</string>
		</dict>
		<key>0F6B66021BBE6BCF005C5AD0</key>
		<dict>
			<key>children</key>
			<array>
				<string>0F6B66031BBE6BCF005C5AD0</string>
				<string>0F6B660D1BBE6BCF005C5AD0</string>
				<string>0F6B66161BBE6BCF005C5AD0</string>
			</array>
			<key>isa</key>
			<string>PBXGroup</string>
			<key>name</key>
			<string>Package</string>
			<key>sourceTree</key>
			<string>&lt;group&gt;</string>
		</dict>
		<key>0F6B66031BBE6BCF005C5AD0</key>
		<dict>
			<key>children</key>
			<array>
				<string>0F6B66051BBE6BCF005C5AD0</string>
			</array>
			<key>isa</key>
			<string>PBXGroup</string>
			<key>name</key>
			<string>DEBIAN</string>
			<key>sourceTree</key>
			<string>&lt;group&gt;</string>
		</dict>
		<key>0F6B66051BBE6BCF005C5AD0</key>
		<dict>
			<key>isa</key>
			<string>PBXFileReference</string>
			<key>lastKnownFileType</key>
			<string>text</string>
			<key>name</key>
			<string>control</string>
			<key>path</key>
			<string>Package/DEBIAN/control</string>
			<key>sourceTree</key>
			<string>&lt;group&gt;</string>
		</dict>
		<key>0F6B66061BBE6BCF005C5AD0</key>
		<dict>
			<key>children</key>
			<array>
				<string>0F6B66071BBE6BCF005C5AD0</string>
				<string>0F6B66081BBE6BCF005C5AD0</string>
				<string>0F6B661B1BBE6BCF005C5AD0</string>
			</array>
			<key>isa</key>
			<string>PBXGroup</string>
			<key>name</key>
			<string>Supporting Files</string>
			<key>sourceTree</key>
			<string>&lt;group&gt;</string>
		</dict>
		<key>0F6B66071BBE6BCF005C5AD0</key>
		<dict>
			<key>isa</key>
			<string>PBXFileReference</string>
			<key>lastKnownFileType</key>
			<string>text.plist.xml</string>
			<key>path</key>
			<string>PackageVersion.plist</string>
			<key>sourceTree</key>
			<string>&lt;group&gt;</string>
		</dict>
		<key>0F6B66081BBE6BCF005C5AD0</key>
		<dict>
			<key>isa</key>
			<string>PBXFileReference</string>
			<key>lastKnownFileType</key>
			<string>text.plist.xml</string>
			<key>path</key>
			<string>MixToolBoxUI-Info.plist</string>
			<key>sourceTree</key>
			<string>&lt;group&gt;</string>
		</dict>
		<key>0F6B660D1BBE6BCF005C5AD0</key>
		<dict>
			<key>children</key>
			<array>
				<string>0F6B660E1BBE6BCF005C5AD0</string>
				<string>0F6B66111BBE6BCF005C5AD0</string>
			</array>
			<key>isa</key>
			<string>PBXGroup</string>
			<key>name</key>
			<string>Library</string>
			<key>sourceTree</key>
			<string>&lt;group&gt;</string>
		</dict>
		<key>0F6B660E1BBE6BCF005C5AD0</key>
		<dict>
			<key>children</key>
			<array>
				<string>0F6B660F1BBE6BCF005C5AD0</string>
			</array>
			<key>isa</key>
			<string>PBXGroup</string>
			<key>name</key>
			<string>PreferenceLoader</string>
			<key>sourceTree</key>
			<string>&lt;group&gt;</string>
		</dict>
		<key>0F6B660F1BBE6BCF005C5AD0</key>
		<dict>
			<key>children</key>
			<array>
				<string>0F6B66101BBE6BCF005C5AD0</string>
			</array>
			<key>isa</key>
			<string>PBXGroup</string>
			<key>name</key>
			<string>Preferences</string>
			<key>sourceTree</key>
			<string>&lt;group&gt;</string>
		</dict>
		<key>0F6B66101BBE6BCF005C5AD0</key>
		<dict>
			<key>isa</key>
			<string>PBXFileReference</string>
			<key>lastKnownFileType</key>
			<string>text.plist.xml</string>
			<key>name</key>
			<string>MixToolBoxUI.plist</string>
			<key>path</key>
			<string>Package/Library/PreferenceLoader/Preferences/MixToolBoxUI.plist</string>
			<key>sourceTree</key>
			<string>&lt;group&gt;</string>
		</dict>
		<key>0F6B66111BBE6BCF005C5AD0</key>
		<dict>
			<key>children</key>
			<array>
				<string>0F6B66121BBE6BCF005C5AD0</string>
			</array>
			<key>isa</key>
			<string>PBXGroup</string>
			<key>name</key>
			<string>PreferenceBundles</string>
			<key>sourceTree</key>
			<string>&lt;group&gt;</string>
		</dict>
		<key>0F6B66121BBE6BCF005C5AD0</key>
		<dict>
			<key>children</key>
			<array>
				<string>0F6B66A91BBE7C0B005C5AD0</string>
				<string>0F6B66AA1BBE7C0B005C5AD0</string>
				<string>0F6B66AB1BBE7C0B005C5AD0</string>
				<string>0F6B66AC1BBE7C0B005C5AD0</string>
				<string>0F6B66AD1BBE7C0B005C5AD0</string>
				<string>0F6B66AE1BBE7C0B005C5AD0</string>
				<string>0F6B66AF1BBE7C0B005C5AD0</string>
				<string>0F6B66B01BBE7C0B005C5AD0</string>
				<string>0F6B66B11BBE7C0B005C5AD0</string>
				<string>0F6B66B21BBE7C0B005C5AD0</string>
				<string>0F6B66B31BBE7C0B005C5AD0</string>
				<string>0F6B66B41BBE7C0B005C5AD0</string>
				<string>0F6B66B51BBE7C0B005C5AD0</string>
				<string>0F6B66B61BBE7C0B005C5AD0</string>
				<string>0F6B66B71BBE7C0B005C5AD0</string>
				<string>0F6B66B81BBE7C0B005C5AD0</string>
			</array>
			<key>isa</key>
			<string>PBXGroup</string>
			<key>name</key>
			<string>___PACKAGENAME___.bundle</string>
			<key>sourceTree</key>
			<string>&lt;group&gt;</string>
		</dict>
		<key>0F6B66161BBE6BCF005C5AD0</key>
		<dict>
			<key>children</key>
			<array>
				<string>0F6B66171BBE6BCF005C5AD0</string>
			</array>
			<key>isa</key>
			<string>PBXGroup</string>
			<key>name</key>
			<string>var</string>
			<key>sourceTree</key>
			<string>&lt;group&gt;</string>
		</dict>
		<key>0F6B66171BBE6BCF005C5AD0</key>
		<dict>
			<key>children</key>
			<array>
				<string>0F6B66181BBE6BCF005C5AD0</string>
			</array>
			<key>isa</key>
			<string>PBXGroup</string>
			<key>name</key>
			<string>mobile</string>
			<key>sourceTree</key>
			<string>&lt;group&gt;</string>
		</dict>
		<key>0F6B66181BBE6BCF005C5AD0</key>
		<dict>
			<key>children</key>
			<array>
				<string>0F6B66191BBE6BCF005C5AD0</string>
			</array>
			<key>isa</key>
			<string>PBXGroup</string>
			<key>name</key>
			<string>Library</string>
			<key>sourceTree</key>
			<string>&lt;group&gt;</string>
		</dict>
		<key>0F6B66191BBE6BCF005C5AD0</key>
		<dict>
			<key>children</key>
			<array>
				<string>0F6B661A1BBE6BCF005C5AD0</string>
			</array>
			<key>isa</key>
			<string>PBXGroup</string>
			<key>name</key>
			<string>Preferences</string>
			<key>sourceTree</key>
			<string>&lt;group&gt;</string>
		</dict>
		<key>0F6B661A1BBE6BCF005C5AD0</key>
		<dict>
			<key>isa</key>
			<string>PBXFileReference</string>
			<key>lastKnownFileType</key>
			<string>text.plist.xml</string>
			<key>name</key>
			<string>com.darwindev.MixToolBoxUI.plist</string>
			<key>path</key>
			<string>Package/var/mobile/Library/Preferences/com.darwindev.MixToolBoxUI.plist</string>
			<key>sourceTree</key>
			<string>&lt;group&gt;</string>
		</dict>
		<key>0F6B661B1BBE6BCF005C5AD0</key>
		<dict>
			<key>isa</key>
			<string>PBXFileReference</string>
			<key>lastKnownFileType</key>
			<string>sourcecode.c.h</string>
			<key>path</key>
			<string>MixToolBoxUI-Prefix.pch</string>
			<key>sourceTree</key>
			<string>&lt;group&gt;</string>
		</dict>
		<key>0F6B661C1BBE6BCF005C5AD0</key>
		<dict>
			<key>buildSettings</key>
			<dict>
				<key>CLANG_ENABLE_OBJC_ARC</key>
				<string>YES</string>
				<key>COPY_PHASE_STRIP</key>
				<string>NO</string>
				<key>ENABLE_BITCODE</key>
				<string>NO</string>
				<key>EXCLUDED_RECURSIVE_SEARCH_PATH_SUBDIRECTORIES</key>
				<string>*.nib *.lproj *.gch (*) .DS_Store CVS .svn .git .hg *.xcodeproj *.xcode *.pbproj *.pbxproj</string>
				<key>FRAMEWORK_SEARCH_PATHS</key>
				<array>
					<string>$(iOSOpenDevPath)/frameworks/**</string>
					<string>$(SDKROOT)/System/Library/PrivateFrameworks</string>
				</array>
				<key>GCC_C_LANGUAGE_STANDARD</key>
				<string>gnu99</string>
				<key>GCC_DYNAMIC_NO_PIC</key>
				<string>NO</string>
				<key>GCC_OPTIMIZATION_LEVEL</key>
				<string>0</string>
				<key>GCC_PREPROCESSOR_DEFINITIONS</key>
				<array>
					<string>DEBUG=1</string>
					<string>$(inherited)</string>
				</array>
				<key>GCC_SYMBOLS_PRIVATE_EXTERN</key>
				<string>NO</string>
				<key>GCC_WARN_ABOUT_MISSING_PROTOTYPES</key>
				<string>YES</string>
				<key>GCC_WARN_ABOUT_RETURN_TYPE</key>
				<string>YES</string>
				<key>GCC_WARN_UNUSED_VARIABLE</key>
				<string>YES</string>
				<key>HEADER_SEARCH_PATHS</key>
				<string>$(iOSOpenDevPath)/include/**</string>
				<key>IPHONEOS_DEPLOYMENT_TARGET</key>
				<string>8.1</string>
				<key>LIBRARY_SEARCH_PATHS</key>
				<string>$(iOSOpenDevPath)/lib/**</string>
				<key>OTHER_LDFLAGS</key>
				<string>-F/opt/theos/frameworks</string>
				<key>SDKROOT</key>
				<string>iphoneos8.1</string>
				<key>TARGETED_DEVICE_FAMILY</key>
				<string>1,2</string>
				<key>VALIDATE_PRODUCT</key>
				<string>NO</string>
				<key>iOSOpenDevPath</key>
				<string>/opt/iOSOpenDev</string>
			</dict>
			<key>isa</key>
			<string>XCBuildConfiguration</string>
			<key>name</key>
			<string>Debug</string>
		</dict>
		<key>0F6B661D1BBE6BCF005C5AD0</key>
		<dict>
			<key>buildSettings</key>
			<dict>
				<key>CLANG_ENABLE_OBJC_ARC</key>
				<string>YES</string>
				<key>COPY_PHASE_STRIP</key>
				<string>YES</string>
				<key>ENABLE_BITCODE</key>
				<string>NO</string>
				<key>EXCLUDED_RECURSIVE_SEARCH_PATH_SUBDIRECTORIES</key>
				<string>*.nib *.lproj *.gch (*) .DS_Store CVS .svn .git .hg *.xcodeproj *.xcode *.pbproj *.pbxproj</string>
				<key>FRAMEWORK_SEARCH_PATHS</key>
				<array>
					<string>$(iOSOpenDevPath)/frameworks/**</string>
					<string>$(SDKROOT)/System/Library/PrivateFrameworks</string>
				</array>
				<key>GCC_C_LANGUAGE_STANDARD</key>
				<string>gnu99</string>
				<key>GCC_WARN_ABOUT_MISSING_PROTOTYPES</key>
				<string>YES</string>
				<key>GCC_WARN_ABOUT_RETURN_TYPE</key>
				<string>YES</string>
				<key>GCC_WARN_UNUSED_VARIABLE</key>
				<string>YES</string>
				<key>HEADER_SEARCH_PATHS</key>
				<string>$(iOSOpenDevPath)/include/**</string>
				<key>IPHONEOS_DEPLOYMENT_TARGET</key>
				<string>8.1</string>
				<key>LIBRARY_SEARCH_PATHS</key>
				<string>$(iOSOpenDevPath)/lib/**</string>
				<key>OTHER_LDFLAGS</key>
				<string>-F/opt/theos/frameworks</string>
				<key>SDKROOT</key>
				<string>iphoneos8.1</string>
				<key>TARGETED_DEVICE_FAMILY</key>
				<string>1,2</string>
				<key>VALIDATE_PRODUCT</key>
				<string>YES</string>
				<key>iOSOpenDevPath</key>
				<string>/opt/iOSOpenDev</string>
			</dict>
			<key>isa</key>
			<string>XCBuildConfiguration</string>
			<key>name</key>
			<string>Release</string>
		</dict>
		<key>0F6B661E1BBE6BCF005C5AD0</key>
		<dict>
			<key>buildConfigurations</key>
			<array>
				<string>0F6B661F1BBE6BCF005C5AD0</string>
				<string>0F6B66201BBE6BCF005C5AD0</string>
			</array>
			<key>defaultConfigurationIsVisible</key>
			<string>0</string>
			<key>defaultConfigurationName</key>
			<string>Release</string>
			<key>isa</key>
			<string>XCConfigurationList</string>
		</dict>
		<key>0F6B661F1BBE6BCF005C5AD0</key>
		<dict>
			<key>buildSettings</key>
			<dict>
				<key>CLANG_ENABLE_OBJC_ARC</key>
				<string>NO</string>
				<key>CODE_SIGN_IDENTITY</key>
				<string>iPhone Developer: Zheng Wu (253D9QR4TP)</string>
				<key>ENABLE_BITCODE</key>
				<string>NO</string>
				<key>FRAMEWORK_SEARCH_PATHS</key>
				<array>
					<string>$(inherited)</string>
					<string>/opt/theos/frameworks</string>
					<string>$(PROJECT_DIR)</string>
					<string>/opt/theos/sdks/iPhoneOS8.1.sdk/System/Library/PrivateFrameworks</string>
				</array>
				<key>GCC_PRECOMPILE_PREFIX_HEADER</key>
				<string>YES</string>
				<key>GCC_PREFIX_HEADER</key>
				<string>MixToolBoxUI/MixToolBoxUI-Prefix.pch</string>
				<key>HEADER_SEARCH_PATHS</key>
				<array>
					<string>$(iOSOpenDevPath)/include/**</string>
					<string>/opt/theos/include/**</string>
				</array>
				<key>INFOPLIST_FILE</key>
				<string>MixToolBoxUI/MixToolBoxUI-Info.plist</string>
				<key>INSTALL_PATH</key>
				<string>/Library/PreferenceBundles</string>
				<key>IPHONEOS_DEPLOYMENT_TARGET</key>
				<string>8.1</string>
				<key>LIBRARY_SEARCH_PATHS</key>
				<array>
					<string>$(inherited)</string>
					<string>/opt/theos/frameworks/SettingsKit.framework</string>
				</array>
				<key>PRODUCT_NAME</key>
				<string>$(TARGET_NAME)</string>
				<key>SDKROOT</key>
				<string>iphoneos8.1</string>
				<key>WRAPPER_EXTENSION</key>
				<string>bundle</string>
				<key>iOSOpenDevBuildPackageOnAnyBuild</key>
				<string>NO</string>
				<key>iOSOpenDevCopyOnBuild</key>
				<string>NO</string>
				<key>iOSOpenDevDevice</key>
				<string></string>
				<key>iOSOpenDevInstallOnAnyBuild</key>
				<string>NO</string>
				<key>iOSOpenDevInstallOnProfiling</key>
				<string>NO</string>
				<key>iOSOpenDevRespringOnInstall</key>
				<string>YES</string>
				<key>iOSOpenDevUsePackageVersionPList</key>
				<string>YES</string>
			</dict>
			<key>isa</key>
			<string>XCBuildConfiguration</string>
			<key>name</key>
			<string>Debug</string>
		</dict>
		<key>0F6B66201BBE6BCF005C5AD0</key>
		<dict>
			<key>buildSettings</key>
			<dict>
				<key>CLANG_ENABLE_OBJC_ARC</key>
				<string>NO</string>
				<key>CODE_SIGN_IDENTITY</key>
				<string>iPhone Developer: Zheng Wu (253D9QR4TP)</string>
				<key>ENABLE_BITCODE</key>
				<string>NO</string>
				<key>FRAMEWORK_SEARCH_PATHS</key>
				<array>
					<string>$(inherited)</string>
					<string>/opt/theos/frameworks</string>
					<string>$(PROJECT_DIR)</string>
					<string>/opt/theos/sdks/iPhoneOS8.1.sdk/System/Library/PrivateFrameworks</string>
				</array>
				<key>GCC_PRECOMPILE_PREFIX_HEADER</key>
				<string>YES</string>
				<key>GCC_PREFIX_HEADER</key>
				<string>MixToolBoxUI/MixToolBoxUI-Prefix.pch</string>
				<key>HEADER_SEARCH_PATHS</key>
				<array>
					<string>$(iOSOpenDevPath)/include/**</string>
					<string>/opt/theos/include/**</string>
				</array>
				<key>INFOPLIST_FILE</key>
				<string>MixToolBoxUI/MixToolBoxUI-Info.plist</string>
				<key>INSTALL_PATH</key>
				<string>/Library/PreferenceBundles</string>
				<key>IPHONEOS_DEPLOYMENT_TARGET</key>
				<string>8.1</string>
				<key>LIBRARY_SEARCH_PATHS</key>
				<array>
					<string>$(inherited)</string>
					<string>/opt/theos/frameworks/SettingsKit.framework</string>
				</array>
				<key>PRODUCT_NAME</key>
				<string>$(TARGET_NAME)</string>
				<key>SDKROOT</key>
				<string>iphoneos8.1</string>
				<key>WRAPPER_EXTENSION</key>
				<string>bundle</string>
				<key>iOSOpenDevBuildPackageOnAnyBuild</key>
				<string>NO</string>
				<key>iOSOpenDevCopyOnBuild</key>
				<string>NO</string>
				<key>iOSOpenDevDevice</key>
				<string></string>
				<key>iOSOpenDevInstallOnAnyBuild</key>
				<string>NO</string>
				<key>iOSOpenDevInstallOnProfiling</key>
				<string>NO</string>
				<key>iOSOpenDevRespringOnInstall</key>
				<string>YES</string>
				<key>iOSOpenDevUsePackageVersionPList</key>
				<string>YES</string>
			</dict>
			<key>isa</key>
			<string>XCBuildConfiguration</string>
			<key>name</key>
			<string>Release</string>
		</dict>
		<key>0F6B662D1BBE6CE7005C5AD0</key>
		<dict>
			<key>children</key>
			<array>
				<string>0F6B662E1BBE6CE7005C5AD0</string>
				<string>0F6B662F1BBE6CE7005C5AD0</string>
				<string>0F6B66301BBE6CE7005C5AD0</string>
				<string>0F6B66311BBE6CE7005C5AD0</string>
			</array>
			<key>isa</key>
			<string>PBXGroup</string>
			<key>path</key>
			<string>header</string>
			<key>sourceTree</key>
			<string>&lt;group&gt;</string>
		</dict>
		<key>0F6B662E1BBE6CE7005C5AD0</key>
		<dict>
			<key>fileEncoding</key>
			<string>4</string>
			<key>isa</key>
			<string>PBXFileReference</string>
			<key>lastKnownFileType</key>
			<string>sourcecode.c.h</string>
			<key>path</key>
			<string>PSListController.h</string>
			<key>sourceTree</key>
			<string>&lt;group&gt;</string>
		</dict>
		<key>0F6B662F1BBE6CE7005C5AD0</key>
		<dict>
			<key>fileEncoding</key>
			<string>4</string>
			<key>isa</key>
			<string>PBXFileReference</string>
			<key>lastKnownFileType</key>
			<string>sourcecode.c.h</string>
			<key>path</key>
			<string>PSSpecifier.h</string>
			<key>sourceTree</key>
			<string>&lt;group&gt;</string>
		</dict>
		<key>0F6B66301BBE6CE7005C5AD0</key>
		<dict>
			<key>fileEncoding</key>
			<string>4</string>
			<key>isa</key>
			<string>PBXFileReference</string>
			<key>lastKnownFileType</key>
			<string>sourcecode.c.h</string>
			<key>path</key>
			<string>PSTableCell.h</string>
			<key>sourceTree</key>
			<string>&lt;group&gt;</string>
		</dict>
		<key>0F6B66311BBE6CE7005C5AD0</key>
		<dict>
			<key>fileEncoding</key>
			<string>4</string>
			<key>isa</key>
			<string>PBXFileReference</string>
			<key>lastKnownFileType</key>
			<string>sourcecode.c.h</string>
			<key>path</key>
			<string>PSViewController.h</string>
			<key>sourceTree</key>
			<string>&lt;group&gt;</string>
		</dict>
		<key>0F6B66321BBE6CE7005C5AD0</key>
		<dict>
			<key>fileRef</key>
			<string>0F6B662E1BBE6CE7005C5AD0</string>
			<key>isa</key>
			<string>PBXBuildFile</string>
		</dict>
		<key>0F6B66331BBE6CE7005C5AD0</key>
		<dict>
			<key>fileRef</key>
			<string>0F6B662F1BBE6CE7005C5AD0</string>
			<key>isa</key>
			<string>PBXBuildFile</string>
		</dict>
		<key>0F6B66341BBE6CE7005C5AD0</key>
		<dict>
			<key>fileRef</key>
			<string>0F6B66301BBE6CE7005C5AD0</string>
			<key>isa</key>
			<string>PBXBuildFile</string>
		</dict>
		<key>0F6B66351BBE6CE7005C5AD0</key>
		<dict>
			<key>fileRef</key>
			<string>0F6B66311BBE6CE7005C5AD0</string>
			<key>isa</key>
			<string>PBXBuildFile</string>
		</dict>
		<key>0F6B66361BBE6CF1005C5AD0</key>
		<dict>
			<key>fileEncoding</key>
			<string>4</string>
			<key>isa</key>
			<string>PBXFileReference</string>
			<key>lastKnownFileType</key>
			<string>sourcecode.cpp.objcpp</string>
			<key>path</key>
			<string>MixCC.mm</string>
			<key>sourceTree</key>
			<string>&lt;group&gt;</string>
		</dict>
		<key>0F6B66371BBE6CF1005C5AD0</key>
		<dict>
			<key>fileEncoding</key>
			<string>4</string>
			<key>isa</key>
			<string>PBXFileReference</string>
			<key>lastKnownFileType</key>
			<string>sourcecode.cpp.objcpp</string>
			<key>path</key>
			<string>MixCCTitleCell.mm</string>
			<key>sourceTree</key>
			<string>&lt;group&gt;</string>
		</dict>
		<key>0F6B66381BBE6CF1005C5AD0</key>
		<dict>
			<key>fileEncoding</key>
			<string>4</string>
			<key>isa</key>
			<string>PBXFileReference</string>
			<key>lastKnownFileType</key>
			<string>sourcecode.cpp.objcpp</string>
			<key>path</key>
			<string>MixLockScreen.mm</string>
			<key>sourceTree</key>
			<string>&lt;group&gt;</string>
		</dict>
		<key>0F6B66391BBE6CF1005C5AD0</key>
		<dict>
			<key>fileEncoding</key>
			<string>4</string>
			<key>isa</key>
			<string>PBXFileReference</string>
			<key>lastKnownFileType</key>
			<string>sourcecode.cpp.objcpp</string>
			<key>path</key>
			<string>MixLSTitleCell.mm</string>
			<key>sourceTree</key>
			<string>&lt;group&gt;</string>
		</dict>
		<key>0F6B663A1BBE6CF1005C5AD0</key>
		<dict>
			<key>fileEncoding</key>
			<string>4</string>
			<key>isa</key>
			<string>PBXFileReference</string>
			<key>lastKnownFileType</key>
			<string>sourcecode.cpp.objcpp</string>
			<key>path</key>
			<string>MixMemberTitleCell.mm</string>
			<key>sourceTree</key>
			<string>&lt;group&gt;</string>
		</dict>
		<key>0F6B663B1BBE6CF1005C5AD0</key>
		<dict>
			<key>fileEncoding</key>
			<string>4</string>
			<key>isa</key>
			<string>PBXFileReference</string>
			<key>lastKnownFileType</key>
			<string>sourcecode.cpp.objcpp</string>
			<key>path</key>
			<string>MixNC.mm</string>
			<key>sourceTree</key>
			<string>&lt;group&gt;</string>
		</dict>
		<key>0F6B663C1BBE6CF1005C5AD0</key>
		<dict>
			<key>fileEncoding</key>
			<string>4</string>
			<key>isa</key>
			<string>PBXFileReference</string>
			<key>lastKnownFileType</key>
			<string>sourcecode.cpp.objcpp</string>
			<key>path</key>
			<string>MixNCTitleCell.mm</string>
			<key>sourceTree</key>
			<string>&lt;group&gt;</string>
		</dict>
		<key>0F6B663D1BBE6CF1005C5AD0</key>
		<dict>
			<key>fileEncoding</key>
			<string>4</string>
			<key>isa</key>
			<string>PBXFileReference</string>
			<key>lastKnownFileType</key>
			<string>sourcecode.cpp.objcpp</string>
			<key>path</key>
			<string>MixSBTitleCell.mm</string>
			<key>sourceTree</key>
			<string>&lt;group&gt;</string>
		</dict>
		<key>0F6B663E1BBE6CF1005C5AD0</key>
		<dict>
			<key>fileEncoding</key>
			<string>4</string>
			<key>isa</key>
			<string>PBXFileReference</string>
			<key>lastKnownFileType</key>
			<string>sourcecode.cpp.objcpp</string>
			<key>path</key>
			<string>MixSpringBoard.mm</string>
			<key>sourceTree</key>
			<string>&lt;group&gt;</string>
		</dict>
		<key>0F6B663F1BBE6CF1005C5AD0</key>
		<dict>
			<key>fileEncoding</key>
			<string>4</string>
			<key>isa</key>
			<string>PBXFileReference</string>
			<key>lastKnownFileType</key>
			<string>sourcecode.cpp.objcpp</string>
			<key>path</key>
			<string>MixStatusBar.mm</string>
			<key>sourceTree</key>
			<string>&lt;group&gt;</string>
		</dict>
		<key>0F6B66401BBE6CF1005C5AD0</key>
		<dict>
			<key>fileEncoding</key>
			<string>4</string>
			<key>isa</key>
			<string>PBXFileReference</string>
			<key>lastKnownFileType</key>
			<string>sourcecode.cpp.objcpp</string>
			<key>path</key>
			<string>MixStatusBarTitleCell.mm</string>
			<key>sourceTree</key>
			<string>&lt;group&gt;</string>
		</dict>
		<key>0F6B66411BBE6CF1005C5AD0</key>
		<dict>
			<key>fileEncoding</key>
			<string>4</string>
			<key>isa</key>
			<string>PBXFileReference</string>
			<key>lastKnownFileType</key>
			<string>sourcecode.cpp.objcpp</string>
			<key>path</key>
			<string>MixTeamMumbers.mm</string>
			<key>sourceTree</key>
			<string>&lt;group&gt;</string>
		</dict>
		<key>0F6B66421BBE6CF1005C5AD0</key>
		<dict>
			<key>fileEncoding</key>
			<string>4</string>
			<key>isa</key>
			<string>PBXFileReference</string>
			<key>lastKnownFileType</key>
			<string>sourcecode.cpp.objcpp</string>
			<key>path</key>
			<string>mixtoolboxui.mm</string>
			<key>sourceTree</key>
			<string>&lt;group&gt;</string>
		</dict>
		<key>0F6B66431BBE6CF1005C5AD0</key>
		<dict>
			<key>fileEncoding</key>
			<string>4</string>
			<key>isa</key>
			<string>PBXFileReference</string>
			<key>lastKnownFileType</key>
			<string>sourcecode.c.h</string>
			<key>path</key>
			<string>SKdefines.h</string>
			<key>sourceTree</key>
			<string>&lt;group&gt;</string>
		</dict>
		<key>0F6B66441BBE6CF1005C5AD0</key>
		<dict>
			<key>fileRef</key>
			<string>0F6B66361BBE6CF1005C5AD0</string>
			<key>isa</key>
			<string>PBXBuildFile</string>
		</dict>
		<key>0F6B66451BBE6CF1005C5AD0</key>
		<dict>
			<key>fileRef</key>
			<string>0F6B66371BBE6CF1005C5AD0</string>
			<key>isa</key>
			<string>PBXBuildFile</string>
		</dict>
		<key>0F6B66461BBE6CF1005C5AD0</key>
		<dict>
			<key>fileRef</key>
			<string>0F6B66381BBE6CF1005C5AD0</string>
			<key>isa</key>
			<string>PBXBuildFile</string>
		</dict>
		<key>0F6B66471BBE6CF1005C5AD0</key>
		<dict>
			<key>fileRef</key>
			<string>0F6B66391BBE6CF1005C5AD0</string>
			<key>isa</key>
			<string>PBXBuildFile</string>
		</dict>
		<key>0F6B66481BBE6CF1005C5AD0</key>
		<dict>
			<key>fileRef</key>
			<string>0F6B663A1BBE6CF1005C5AD0</string>
			<key>isa</key>
			<string>PBXBuildFile</string>
		</dict>
		<key>0F6B66491BBE6CF1005C5AD0</key>
		<dict>
			<key>fileRef</key>
			<string>0F6B663B1BBE6CF1005C5AD0</string>
			<key>isa</key>
			<string>PBXBuildFile</string>
		</dict>
		<key>0F6B664A1BBE6CF1005C5AD0</key>
		<dict>
			<key>fileRef</key>
			<string>0F6B663C1BBE6CF1005C5AD0</string>
			<key>isa</key>
			<string>PBXBuildFile</string>
		</dict>
		<key>0F6B664B1BBE6CF1005C5AD0</key>
		<dict>
			<key>fileRef</key>
			<string>0F6B663D1BBE6CF1005C5AD0</string>
			<key>isa</key>
			<string>PBXBuildFile</string>
		</dict>
		<key>0F6B664C1BBE6CF1005C5AD0</key>
		<dict>
			<key>fileRef</key>
			<string>0F6B663E1BBE6CF1005C5AD0</string>
			<key>isa</key>
			<string>PBXBuildFile</string>
		</dict>
		<key>0F6B664D1BBE6CF1005C5AD0</key>
		<dict>
			<key>fileRef</key>
			<string>0F6B663F1BBE6CF1005C5AD0</string>
			<key>isa</key>
			<string>PBXBuildFile</string>
		</dict>
		<key>0F6B664E1BBE6CF1005C5AD0</key>
		<dict>
			<key>fileRef</key>
			<string>0F6B66401BBE6CF1005C5AD0</string>
			<key>isa</key>
			<string>PBXBuildFile</string>
		</dict>
		<key>0F6B664F1BBE6CF1005C5AD0</key>
		<dict>
			<key>fileRef</key>
			<string>0F6B66411BBE6CF1005C5AD0</string>
			<key>isa</key>
			<string>PBXBuildFile</string>
		</dict>
		<key>0F6B66501BBE6CF1005C5AD0</key>
		<dict>
			<key>fileRef</key>
			<string>0F6B66421BBE6CF1005C5AD0</string>
			<key>isa</key>
			<string>PBXBuildFile</string>
		</dict>
		<key>0F6B66511BBE6CF1005C5AD0</key>
		<dict>
			<key>fileRef</key>
			<string>0F6B66431BBE6CF1005C5AD0</string>
			<key>isa</key>
			<string>PBXBuildFile</string>
		</dict>
		<key>0F6B66521BBE6D66005C5AD0</key>
		<dict>
			<key>isa</key>
			<string>PBXFileReference</string>
			<key>lastKnownFileType</key>
			<string>wrapper.framework</string>
			<key>name</key>
			<string>Social.framework</string>
			<key>path</key>
			<string>System/Library/Frameworks/Social.framework</string>
			<key>sourceTree</key>
			<string>SDKROOT</string>
		</dict>
		<key>0F6B66531BBE6D66005C5AD0</key>
		<dict>
			<key>fileRef</key>
			<string>0F6B66521BBE6D66005C5AD0</string>
			<key>isa</key>
			<string>PBXBuildFile</string>
		</dict>
		<key>0F6B66541BBE6D6E005C5AD0</key>
		<dict>
			<key>isa</key>
			<string>PBXFileReference</string>
			<key>lastKnownFileType</key>
			<string>wrapper.framework</string>
			<key>name</key>
			<string>QuartzCore.framework</string>
			<key>path</key>
			<string>System/Library/Frameworks/QuartzCore.framework</string>
			<key>sourceTree</key>
			<string>SDKROOT</string>
		</dict>
		<key>0F6B66551BBE6D6E005C5AD0</key>
		<dict>
			<key>fileRef</key>
			<string>0F6B66541BBE6D6E005C5AD0</string>
			<key>isa</key>
			<string>PBXBuildFile</string>
		</dict>
		<key>0F6B66561BBE6D75005C5AD0</key>
		<dict>
			<key>isa</key>
			<string>PBXFileReference</string>
			<key>lastKnownFileType</key>
			<string>wrapper.framework</string>
			<key>name</key>
			<string>CoreGraphics.framework</string>
			<key>path</key>
			<string>System/Library/Frameworks/CoreGraphics.framework</string>
			<key>sourceTree</key>
			<string>SDKROOT</string>
		</dict>
		<key>0F6B66571BBE6D75005C5AD0</key>
		<dict>
			<key>fileRef</key>
			<string>0F6B66561BBE6D75005C5AD0</string>
			<key>isa</key>
			<string>PBXBuildFile</string>
		</dict>
		<key>0F6B66961BBE775D005C5AD0</key>
		<dict>
			<key>isa</key>
			<string>PBXFileReference</string>
			<key>lastKnownFileType</key>
			<string>wrapper.framework</string>
			<key>name</key>
			<string>Preferences.framework</string>
			<key>path</key>
			<string>../../../../../opt/theos/sdks/iPhoneOS8.1.sdk/System/Library/PrivateFrameworks/Preferences.framework</string>
			<key>sourceTree</key>
			<string>&lt;group&gt;</string>
		</dict>
		<key>0F6B66971BBE775D005C5AD0</key>
		<dict>
			<key>fileRef</key>
			<string>0F6B66961BBE775D005C5AD0</string>
			<key>isa</key>
			<string>PBXBuildFile</string>
		</dict>
		<key>0F6B66A91BBE7C0B005C5AD0</key>
		<dict>
			<key>isa</key>
			<string>PBXFileReference</string>
			<key>lastKnownFileType</key>
			<string>image.png</string>
			<key>name</key>
			<string>brush@2x.png</string>
			<key>path</key>
			<string>Package/Library/PreferenceBundles/MixToolBoxUI.bundle/brush@2x.png</string>
			<key>sourceTree</key>
			<string>&lt;group&gt;</string>
		</dict>
		<key>0F6B66AA1BBE7C0B005C5AD0</key>
		<dict>
			<key>isa</key>
			<string>PBXFileReference</string>
			<key>lastKnownFileType</key>
			<string>image.png</string>
			<key>name</key>
			<string>cat@2x.png</string>
			<key>path</key>
			<string>Package/Library/PreferenceBundles/MixToolBoxUI.bundle/cat@2x.png</string>
			<key>sourceTree</key>
			<string>&lt;group&gt;</string>
		</dict>
		<key>0F6B66AB1BBE7C0B005C5AD0</key>
		<dict>
			<key>isa</key>
			<string>PBXFileReference</string>
			<key>lastKnownFileType</key>
			<string>image.png</string>
			<key>name</key>
			<string>code@2x.png</string>
			<key>path</key>
			<string>Package/Library/PreferenceBundles/MixToolBoxUI.bundle/code@2x.png</string>
			<key>sourceTree</key>
			<string>&lt;group&gt;</string>
		</dict>
		<key>0F6B66AC1BBE7C0B005C5AD0</key>
		<dict>
			<key>isa</key>
			<string>PBXFileReference</string>
			<key>lastKnownFileType</key>
			<string>image.png</string>
			<key>name</key>
			<string>enabled@2x.png</string>
			<key>path</key>
			<string>Package/Library/PreferenceBundles/MixToolBoxUI.bundle/enabled@2x.png</string>
			<key>sourceTree</key>
			<string>&lt;group&gt;</string>
		</dict>
		<key>0F6B66AD1BBE7C0B005C5AD0</key>
		<dict>
			<key>isa</key>
			<string>PBXFileReference</string>
			<key>lastKnownFileType</key>
			<string>image.png</string>
			<key>name</key>
			<string>heart@2x.png</string>
			<key>path</key>
			<string>Package/Library/PreferenceBundles/MixToolBoxUI.bundle/heart@2x.png</string>
			<key>sourceTree</key>
			<string>&lt;group&gt;</string>
		</dict>
		<key>0F6B66AE1BBE7C0B005C5AD0</key>
		<dict>
			<key>isa</key>
			<string>PBXFileReference</string>
			<key>lastKnownFileType</key>
			<string>image.png</string>
			<key>name</key>
			<string>i_82@2x.png</string>
			<key>path</key>
			<string>Package/Library/PreferenceBundles/MixToolBoxUI.bundle/i_82@2x.png</string>
			<key>sourceTree</key>
			<string>&lt;group&gt;</string>
		</dict>
		<key>0F6B66AF1BBE7C0B005C5AD0</key>
		<dict>
			<key>isa</key>
			<string>PBXFileReference</string>
			<key>lastKnownFileType</key>
			<string>image.png</string>
			<key>name</key>
			<string>jer@2x.png</string>
			<key>path</key>
			<string>Package/Library/PreferenceBundles/MixToolBoxUI.bundle/jer@2x.png</string>
			<key>sourceTree</key>
			<string>&lt;group&gt;</string>
		</dict>
		<key>0F6B66B01BBE7C0B005C5AD0</key>
		<dict>
			<key>isa</key>
			<string>PBXFileReference</string>
			<key>lastKnownFileType</key>
			<string>image.png</string>
			<key>name</key>
			<string>jk@2x.png</string>
			<key>path</key>
			<string>Package/Library/PreferenceBundles/MixToolBoxUI.bundle/jk@2x.png</string>
			<key>sourceTree</key>
			<string>&lt;group&gt;</string>
		</dict>
		<key>0F6B66B11BBE7C0B005C5AD0</key>
		<dict>
			<key>isa</key>
			<string>PBXFileReference</string>
			<key>lastKnownFileType</key>
			<string>image.png</string>
			<key>name</key>
			<string>makers@2x.png</string>
			<key>path</key>
			<string>Package/Library/PreferenceBundles/MixToolBoxUI.bundle/makers@2x.png</string>
			<key>sourceTree</key>
			<string>&lt;group&gt;</string>
		</dict>
		<key>0F6B66B21BBE7C0B005C5AD0</key>
		<dict>
			<key>isa</key>
			<string>PBXFileReference</string>
			<key>lastKnownFileType</key>
			<string>image.png</string>
			<key>name</key>
			<string>min@2x.png</string>
			<key>path</key>
			<string>Package/Library/PreferenceBundles/MixToolBoxUI.bundle/min@2x.png</string>
			<key>sourceTree</key>
			<string>&lt;group&gt;</string>
		</dict>
		<key>0F6B66B31BBE7C0B005C5AD0</key>
		<dict>
			<key>isa</key>
			<string>PBXFileReference</string>
			<key>lastKnownFileType</key>
			<string>image.png</string>
			<key>name</key>
			<string>rain@2x.png</string>
			<key>path</key>
			<string>Package/Library/PreferenceBundles/MixToolBoxUI.bundle/rain@2x.png</string>
			<key>sourceTree</key>
			<string>&lt;group&gt;</string>
		</dict>
		<key>0F6B66B41BBE7C0B005C5AD0</key>
		<dict>
			<key>isa</key>
			<string>PBXFileReference</string>
			<key>lastKnownFileType</key>
			<string>image.png</string>
			<key>name</key>
			<string>settings@2x.png</string>
			<key>path</key>
			<string>Package/Library/PreferenceBundles/MixToolBoxUI.bundle/settings@2x.png</string>
			<key>sourceTree</key>
			<string>&lt;group&gt;</string>
		</dict>
		<key>0F6B66B51BBE7C0B005C5AD0</key>
		<dict>
			<key>isa</key>
			<string>PBXFileReference</string>
			<key>lastKnownFileType</key>
			<string>image.png</string>
			<key>name</key>
			<string>star@2x.png</string>
			<key>path</key>
			<string>Package/Library/PreferenceBundles/MixToolBoxUI.bundle/star@2x.png</string>
			<key>sourceTree</key>
			<string>&lt;group&gt;</string>
		</dict>
		<key>0F6B66B61BBE7C0B005C5AD0</key>
		<dict>
			<key>isa</key>
			<string>PBXFileReference</string>
			<key>lastKnownFileType</key>
			<string>image.png</string>
			<key>name</key>
			<string>support@2x.png</string>
			<key>path</key>
			<string>Package/Library/PreferenceBundles/MixToolBoxUI.bundle/support@2x.png</string>
			<key>sourceTree</key>
			<string>&lt;group&gt;</string>
		</dict>
		<key>0F6B66B71BBE7C0B005C5AD0</key>
		<dict>
			<key>isa</key>
			<string>PBXFileReference</string>
			<key>lastKnownFileType</key>
			<string>image.png</string>
			<key>name</key>
			<string>todo@2x.png</string>
			<key>path</key>
			<string>Package/Library/PreferenceBundles/MixToolBoxUI.bundle/todo@2x.png</string>
			<key>sourceTree</key>
			<string>&lt;group&gt;</string>
		</dict>
		<key>0F6B66B81BBE7C0B005C5AD0</key>
		<dict>
			<key>isa</key>
			<string>PBXFileReference</string>
			<key>lastKnownFileType</key>
			<string>image.png</string>
			<key>name</key>
			<string>wind@2x.png</string>
			<key>path</key>
			<string>Package/Library/PreferenceBundles/MixToolBoxUI.bundle/wind@2x.png</string>
			<key>sourceTree</key>
			<string>&lt;group&gt;</string>
		</dict>
		<key>0F6B66B91BBE7C5A005C5AD0</key>
		<dict>
			<key>buildActionMask</key>
			<string>2147483647</string>
			<key>files</key>
			<array/>
			<key>inputPaths</key>
			<array/>
			<key>isa</key>
			<string>PBXShellScriptBuildPhase</string>
			<key>outputPaths</key>
			<array/>
			<key>runOnlyForDeploymentPostprocessing</key>
			<string>0</string>
			<key>shellPath</key>
			<string>/bin/sh</string>
			<key>shellScript</key>
			<string>/opt/iOSOpenDev/bin/iosod --xcbp</string>
		</dict>
		<key>0F6B66ED1BBE7D89005C5AD0</key>
		<dict>
			<key>isa</key>
			<string>PBXFileReference</string>
			<key>lastKnownFileType</key>
			<string>wrapper.framework</string>
			<key>name</key>
			<string>SettingsKit.framework</string>
			<key>path</key>
			<string>../../../../../opt/theos/frameworks/SettingsKit.framework</string>
			<key>sourceTree</key>
			<string>&lt;group&gt;</string>
		</dict>
		<key>0F6B66EE1BBE7D89005C5AD0</key>
		<dict>
			<key>fileRef</key>
			<string>0F6B66ED1BBE7D89005C5AD0</string>
			<key>isa</key>
			<string>PBXBuildFile</string>
		</dict>
	</dict>
	<key>rootObject</key>
	<string>0F6B65EF1BBE6BCF005C5AD0</string>
</dict>
</plist>
